{
  "name": "validify-string",
  "version": "1.0.0",
  "lockfileVersion": 2,
  "requires": true,
  "packages": {
    "": {
      "name": "validify-string",
      "version": "1.0.0",
      "license": "ISC",
      "dependencies": {
        "validify-string": "^1.0.1"
      },
      "devDependencies": {
        "typescript": "^4.9.5"
      }
    },
    "node_modules/typescript": {
      "version": "4.9.5",
      "resolved": "https://registry.npmjs.org/typescript/-/typescript-4.9.5.tgz",
      "integrity": "sha512-1FXk9E2Hm+QzZQ7z+McJiHL4NW1F2EzMu9Nq9i3zAaGqibafqYwCVU6WyWAuyQRRzOlxou8xZSyXLEN8oKj24g==",
      "dev": true,
      "bin": {
        "tsc": "bin/tsc",
        "tsserver": "bin/tsserver"
      },
      "engines": {
        "node": ">=4.2.0"
      }
    },
    "node_modules/validify-string": {
      "version": "1.0.1",
      "resolved": "https://registry.npmjs.org/validify-string/-/validify-string-1.0.1.tgz",
      "integrity": "sha512-XTQJGXD0W1HUX3Ck3wqc79pZ7xLSa2ImqgXqT+56SW9osDxKHVUIjUrJbrxzSUS1ehuMcLH7G7aDFVTNs/afyA=="
    }
  },
  "dependencies": {
    "typescript": {
      "version": "4.9.5",
      "resolved": "https://registry.npmjs.org/typescript/-/typescript-4.9.5.tgz",
      "integrity": "sha512-1FXk9E2Hm+QzZQ7z+McJiHL4NW1F2EzMu9Nq9i3zAaGqibafqYwCVU6WyWAuyQRRzOlxou8xZSyXLEN8oKj24g==",
      "dev": true
    },
    "validify-string": {
      "version": "1.0.1",
      "resolved": "https://registry.npmjs.org/validify-string/-/validify-string-1.0.1.tgz",
      "integrity": "sha512-XTQJGXD0W1HUX3Ck3wqc79pZ7xLSa2ImqgXqT+56SW9osDxKHVUIjUrJbrxzSUS1ehuMcLH7G7aDFVTNs/afyA=="
    }
  }
}
